{
  "name": "admin-console-fixture",
  "version": "1.0.0",
  "lockfileVersion": 3,
  "requires": true,
  "packages": {
    "": { "name": "admin-console-fixture", "version": "1.0.0", "dependencies": { "@blastpath/admin-shell": "3.8.0" } },
    "node_modules/@blastpath/admin-shell": { "name": "@blastpath/admin-shell", "version": "3.8.0", "dependencies": { "@blastpath/demo-platform": "2.4.0" } },
    "node_modules/@blastpath/demo-platform": { "name": "@blastpath/demo-platform", "version": "2.4.0", "dependencies": { "@tanstack/router-core": "1.169.5" } },
    "node_modules/@tanstack/router-core": { "name": "@tanstack/router-core", "version": "1.169.5" }
  }
}
