{
  "name": "analytics-worker-fixture",
  "version": "1.0.0",
  "lockfileVersion": 3,
  "requires": true,
  "packages": {
    "": { "name": "analytics-worker-fixture", "version": "1.0.0", "dependencies": { "@blastpath/demo-platform": "2.4.1" } },
    "node_modules/@blastpath/demo-platform": { "name": "@blastpath/demo-platform", "version": "2.4.1", "dependencies": { "@tanstack/router-core": "1.169.9" } },
    "node_modules/@tanstack/router-core": { "name": "@tanstack/router-core", "version": "1.169.9" }
  }
}
